
Microsoft Visual Studio Solution File, Format Version 12.00
# Visual Studio Version 16
VisualStudioVersion = 16.0.30011.19
MinimumVisualStudioVersion = 10.0.40219.1
Project("{FAE04EC0-301F-11D3-BF4B-00C04F79EFBC}") = "Api", "Api\Api.csproj", "{2461B39D-AD35-4C6E-923E-9C9B9FB817FE}"
EndProject
Global
	GlobalSection(SolutionConfigurationPlatforms) = preSolution
		Debug|Any CPU = Debug|Any CPU
		Release|Any CPU = Release|Any CPU
	EndGlobalSection
	GlobalSection(ProjectConfigurationPlatforms) = postSolution
		{2461B39D-AD35-4C6E-923E-9C9B9FB817FE}.Debug|Any CPU.ActiveCfg = Debug|Any CPU
		{2461B39D-AD35-4C6E-923E-9C9B9FB817FE}.Debug|Any CPU.Build.0 = Debug|Any CPU
		{2461B39D-AD35-4C6E-923E-9C9B9FB817FE}.Release|Any CPU.ActiveCfg = Release|Any CPU
		{2461B39D-AD35-4C6E-923E-9C9B9FB817FE}.Release|Any CPU.Build.0 = Release|Any CPU
	EndGlobalSection
	GlobalSection(SolutionProperties) = preSolution
		HideSolutionNode = FALSE
	EndGlobalSection
	GlobalSection(ExtensibilityGlobals) = postSolution
		SolutionGuid = {C79A6FFB-760D-4EC5-8732-2FC45A0A26AD}
	EndGlobalSection
EndGlobal
